// !$*UTF8*$!
{
	archiveVersion = 1;
	classes = {
	};
	objectVersion = 46;
	objects = {

/* Begin PBXBuildFile section */
		130E8CA41D1B360B00D0855A /* SutraIndexViewController.swift in Sources */ = {isa = PBXBuildFile; fileRef = 130E8CA31D1B360B00D0855A /* SutraIndexViewController.swift */; };
		1313C43E1D53E99800395429 /* MediaTableViewController.swift in Sources */ = {isa = PBXBuildFile; fileRef = 1313C43D1D53E99800395429 /* MediaTableViewController.swift */; };
		132014751F12B9850081FDDB /* Localizable.strings in Resources */ = {isa = PBXBuildFile; fileRef = 132014771F12B9850081FDDB /* Localizable.strings */; };
		133192DF1D14901300F4984F /* HidingNavigationBarManager.swift in Sources */ = {isa = PBXBuildFile; fileRef = 133192DD1D14901300F4984F /* HidingNavigationBarManager.swift */; };
		133192E01D14901300F4984F /* HidingViewController.swift in Sources */ = {isa = PBXBuildFile; fileRef = 133192DE1D14901300F4984F /* HidingViewController.swift */; };
		1344EA5D1D21CAA5001E215B /* String+Common.swift in Sources */ = {isa = PBXBuildFile; fileRef = 1344EA5C1D21CAA5001E215B /* String+Common.swift */; };
		1344FB7A1D3254A600E926F4 /* Utils.swift in Sources */ = {isa = PBXBuildFile; fileRef = 1344FB791D3254A600E926F4 /* Utils.swift */; };
		1350CB901D440ACB00FE07D5 /* SutraPageContentViewControllera.swift in Sources */ = {isa = PBXBuildFile; fileRef = 1350CB8F1D440ACB00FE07D5 /* SutraPageContentViewControllera.swift */; };
		135D605D1D16FA4A00029090 /* SutraPageViewController.swift in Sources */ = {isa = PBXBuildFile; fileRef = 135D605C1D16FA4A00029090 /* SutraPageViewController.swift */; };
		135D605F1D16FABE00029090 /* SutraStoryboard.storyboard in Resources */ = {isa = PBXBuildFile; fileRef = 135D605E1D16FABE00029090 /* SutraStoryboard.storyboard */; };
		135D60611D16FB7400029090 /* SutraBookViewController.swift in Sources */ = {isa = PBXBuildFile; fileRef = 135D60601D16FB7400029090 /* SutraBookViewController.swift */; };
		135D60631D173B1B00029090 /* Book.swift in Sources */ = {isa = PBXBuildFile; fileRef = 135D60621D173B1B00029090 /* Book.swift */; };
		135D60651D174CC300029090 /* SutraTableViewCell.swift in Sources */ = {isa = PBXBuildFile; fileRef = 135D60641D174CC300029090 /* SutraTableViewCell.swift */; };
		13643B291D2B1B8A00EB4372 /* SutraActionGroupView.swift in Sources */ = {isa = PBXBuildFile; fileRef = 13643B281D2B1B8A00EB4372 /* SutraActionGroupView.swift */; };
		1372181C1D402B720037332A /* SutraPurePageViewController.swift in Sources */ = {isa = PBXBuildFile; fileRef = 1372181B1D402B720037332A /* SutraPurePageViewController.swift */; };
		1372181E1D402E340037332A /* SutraPurePageContentViewController.swift in Sources */ = {isa = PBXBuildFile; fileRef = 1372181D1D402E340037332A /* SutraPurePageContentViewController.swift */; };
		1390730D1D109193003A3333 /* AppDelegate.swift in Sources */ = {isa = PBXBuildFile; fileRef = 1390730C1D109193003A3333 /* AppDelegate.swift */; };
		139073111D109193003A3333 /* StarsTableViewController.swift in Sources */ = {isa = PBXBuildFile; fileRef = 139073101D109193003A3333 /* StarsTableViewController.swift */; };
		139073141D109193003A3333 /* Main.storyboard in Resources */ = {isa = PBXBuildFile; fileRef = 139073121D109193003A3333 /* Main.storyboard */; };
		139073191D109194003A3333 /* LaunchScreen.storyboard in Resources */ = {isa = PBXBuildFile; fileRef = 139073171D109194003A3333 /* LaunchScreen.storyboard */; };
		139073241D109194003A3333 /* lengyanTests.swift in Sources */ = {isa = PBXBuildFile; fileRef = 139073231D109194003A3333 /* lengyanTests.swift */; };
		1390732F1D109194003A3333 /* lengyanUITests.swift in Sources */ = {isa = PBXBuildFile; fileRef = 1390732E1D109194003A3333 /* lengyanUITests.swift */; };
		139073441D10926A003A3333 /* Neon.swift in Sources */ = {isa = PBXBuildFile; fileRef = 1390733F1D10926A003A3333 /* Neon.swift */; };
		139073451D10926A003A3333 /* NeonAlignable.swift in Sources */ = {isa = PBXBuildFile; fileRef = 139073401D10926A003A3333 /* NeonAlignable.swift */; };
		139073461D10926A003A3333 /* NeonAnchorable.swift in Sources */ = {isa = PBXBuildFile; fileRef = 139073411D10926A003A3333 /* NeonAnchorable.swift */; };
		139073471D10926A003A3333 /* NeonFrameable.swift in Sources */ = {isa = PBXBuildFile; fileRef = 139073421D10926A003A3333 /* NeonFrameable.swift */; };
		139073481D10926A003A3333 /* NeonGroupable.swift in Sources */ = {isa = PBXBuildFile; fileRef = 139073431D10926A003A3333 /* NeonGroupable.swift */; };
		1390734A1D109274003A3333 /* FirstViewController.swift in Sources */ = {isa = PBXBuildFile; fileRef = 139073491D109274003A3333 /* FirstViewController.swift */; };
		1390734C1D109284003A3333 /* data in Resources */ = {isa = PBXBuildFile; fileRef = 1390734B1D109284003A3333 /* data */; };
		139073651D109B0B003A3333 /* RATreeView.m in Sources */ = {isa = PBXBuildFile; fileRef = 139073641D109B0B003A3333 /* RATreeView.m */; };
		139073841D109B3F003A3333 /* RABatchChangeEntity.m in Sources */ = {isa = PBXBuildFile; fileRef = 139073681D109B3F003A3333 /* RABatchChangeEntity.m */; };
		139073851D109B3F003A3333 /* RABatchChanges.m in Sources */ = {isa = PBXBuildFile; fileRef = 1390736A1D109B3F003A3333 /* RABatchChanges.m */; };
		139073861D109B3F003A3333 /* RATableView.m in Sources */ = {isa = PBXBuildFile; fileRef = 1390736C1D109B3F003A3333 /* RATableView.m */; };
		139073871D109B3F003A3333 /* RATreeNode.m in Sources */ = {isa = PBXBuildFile; fileRef = 1390736F1D109B3F003A3333 /* RATreeNode.m */; };
		139073881D109B3F003A3333 /* RATreeNodeCollectionController.m in Sources */ = {isa = PBXBuildFile; fileRef = 139073711D109B3F003A3333 /* RATreeNodeCollectionController.m */; };
		139073891D109B3F003A3333 /* RATreeNodeController.m in Sources */ = {isa = PBXBuildFile; fileRef = 139073731D109B3F003A3333 /* RATreeNodeController.m */; };
		1390738A1D109B3F003A3333 /* RATreeNodeItem.m in Sources */ = {isa = PBXBuildFile; fileRef = 139073751D109B3F003A3333 /* RATreeNodeItem.m */; };
		1390738B1D109B3F003A3333 /* RATreeNodeItem+Private.m in Sources */ = {isa = PBXBuildFile; fileRef = 139073781D109B3F003A3333 /* RATreeNodeItem+Private.m */; };
		1390738C1D109B3F003A3333 /* RATreeView+Enums.m in Sources */ = {isa = PBXBuildFile; fileRef = 1390737B1D109B3F003A3333 /* RATreeView+Enums.m */; };
		1390738D1D109B3F003A3333 /* RATreeView+Private.m in Sources */ = {isa = PBXBuildFile; fileRef = 1390737D1D109B3F003A3333 /* RATreeView+Private.m */; };
		1390738E1D109B3F003A3333 /* RATreeView+RATreeNodeCollectionControllerDataSource.m in Sources */ = {isa = PBXBuildFile; fileRef = 1390737F1D109B3F003A3333 /* RATreeView+RATreeNodeCollectionControllerDataSource.m */; };
		1390738F1D109B3F003A3333 /* RATreeView+TableViewDataSource.m in Sources */ = {isa = PBXBuildFile; fileRef = 139073811D109B3F003A3333 /* RATreeView+TableViewDataSource.m */; };
		139073901D109B3F003A3333 /* RATreeView+TableViewDelegate.m in Sources */ = {isa = PBXBuildFile; fileRef = 139073831D109B3F003A3333 /* RATreeView+TableViewDelegate.m */; };
		13978CCD1D2028E5005031EE /* Data.swift in Sources */ = {isa = PBXBuildFile; fileRef = 13978CCC1D2028E5005031EE /* Data.swift */; };
		13CA80F11EAB3BF600589E8F /* Assets.xcassets in Resources */ = {isa = PBXBuildFile; fileRef = 13CA80F01EAB3BF600589E8F /* Assets.xcassets */; };
		13E120FE1D27FBFC002B8B1C /* SutraFrontViewController.swift in Sources */ = {isa = PBXBuildFile; fileRef = 13E120FD1D27FBFC002B8B1C /* SutraFrontViewController.swift */; };
		13E2230B1D5150C5000F763F /* Macros.swift in Sources */ = {isa = PBXBuildFile; fileRef = 13E2230A1D5150C5000F763F /* Macros.swift */; };
		4A6C6BB21EE5A5C400B447DC /* lyz1.m4a in Resources */ = {isa = PBXBuildFile; fileRef = 4A6C6BB11EE5A4F300B447DC /* lyz1.m4a */; settings = {ASSET_TAGS = (lyz1, ); }; };
		4A6C6BB31EE5A5CA00B447DC /* lyzpg1.m4a in Resources */ = {isa = PBXBuildFile; fileRef = 4A6C6BB01EE5A4C700B447DC /* lyzpg1.m4a */; settings = {ASSET_TAGS = (lyzpg1, ); }; };
		4A6C89131EC24BC700C0F43A /* SVModalWebViewController.m in Sources */ = {isa = PBXBuildFile; fileRef = 4A6C88FD1EC24BC700C0F43A /* SVModalWebViewController.m */; };
		4A6C89141EC24BC700C0F43A /* SVWebViewController.bundle in Resources */ = {isa = PBXBuildFile; fileRef = 4A6C88FE1EC24BC700C0F43A /* SVWebViewController.bundle */; };
		4A6C89151EC24BC700C0F43A /* SVWebViewController.m in Sources */ = {isa = PBXBuildFile; fileRef = 4A6C89001EC24BC700C0F43A /* SVWebViewController.m */; };
		4A6C89161EC24BC700C0F43A /* SVWebViewControllerActivityChrome-iPad.png in Resources */ = {isa = PBXBuildFile; fileRef = 4A6C89031EC24BC700C0F43A /* SVWebViewControllerActivityChrome-iPad.png */; };
		4A6C89171EC24BC700C0F43A /* SVWebViewControllerActivityChrome-iPad@2x.png in Resources */ = {isa = PBXBuildFile; fileRef = 4A6C89041EC24BC700C0F43A /* SVWebViewControllerActivityChrome-iPad@2x.png */; };
		4A6C89181EC24BC700C0F43A /* SVWebViewControllerActivityChrome.m in Sources */ = {isa = PBXBuildFile; fileRef = 4A6C89061EC24BC700C0F43A /* SVWebViewControllerActivityChrome.m */; };
		4A6C89191EC24BC700C0F43A /* SVWebViewControllerActivityChrome@2x.png in Resources */ = {isa = PBXBuildFile; fileRef = 4A6C89071EC24BC700C0F43A /* SVWebViewControllerActivityChrome@2x.png */; };
		4A6C891A1EC24BC700C0F43A /* SVWebViewControllerActivitySafari-iPad.png in Resources */ = {isa = PBXBuildFile; fileRef = 4A6C89091EC24BC700C0F43A /* SVWebViewControllerActivitySafari-iPad.png */; };
		4A6C891B1EC24BC700C0F43A /* SVWebViewControllerActivitySafari-iPad@2x.png in Resources */ = {isa = PBXBuildFile; fileRef = 4A6C890A1EC24BC700C0F43A /* SVWebViewControllerActivitySafari-iPad@2x.png */; };
		4A6C891C1EC24BC700C0F43A /* SVWebViewControllerActivitySafari.m in Sources */ = {isa = PBXBuildFile; fileRef = 4A6C890C1EC24BC700C0F43A /* SVWebViewControllerActivitySafari.m */; };
		4A6C891D1EC24BC700C0F43A /* SVWebViewControllerActivitySafari@2x.png in Resources */ = {isa = PBXBuildFile; fileRef = 4A6C890D1EC24BC700C0F43A /* SVWebViewControllerActivitySafari@2x.png */; };
		4A6C891E1EC24BC700C0F43A /* SVWebViewControllerActivity.m in Sources */ = {isa = PBXBuildFile; fileRef = 4A6C890F1EC24BC700C0F43A /* SVWebViewControllerActivity.m */; };
		4AD0637A1EA3801400751922 /* ly01.m4a in Resources */ = {isa = PBXBuildFile; fileRef = 4AD063651EA244AC00751922 /* ly01.m4a */; settings = {ASSET_TAGS = (ly01, ); }; };
		4AD0637B1EA3801900751922 /* ly07.m4a in Resources */ = {isa = PBXBuildFile; fileRef = 4AD063661EA244AC00751922 /* ly07.m4a */; settings = {ASSET_TAGS = (ly07, ); }; };
		4AD0637C1EA3801D00751922 /* ly03.m4a in Resources */ = {isa = PBXBuildFile; fileRef = 4AD063671EA244AC00751922 /* ly03.m4a */; settings = {ASSET_TAGS = (ly03, ); }; };
		4AD0637D1EA3802200751922 /* ly09.m4a in Resources */ = {isa = PBXBuildFile; fileRef = 4AD063681EA244AC00751922 /* ly09.m4a */; settings = {ASSET_TAGS = (ly09, ); }; };
		4AD0637E1EA3802200751922 /* ly02.m4a in Resources */ = {isa = PBXBuildFile; fileRef = 4AD063691EA244AC00751922 /* ly02.m4a */; settings = {ASSET_TAGS = (ly02, ); }; };
		4AD0637F1EA3802200751922 /* ly05.m4a in Resources */ = {isa = PBXBuildFile; fileRef = 4AD0636A1EA244AC00751922 /* ly05.m4a */; settings = {ASSET_TAGS = (ly05, ); }; };
		4AD063801EA3802200751922 /* ly08.m4a in Resources */ = {isa = PBXBuildFile; fileRef = 4AD0636B1EA244AC00751922 /* ly08.m4a */; settings = {ASSET_TAGS = (ly08, ); }; };
		4AD063811EA3802200751922 /* ly06.m4a in Resources */ = {isa = PBXBuildFile; fileRef = 4AD0636C1EA244AC00751922 /* ly06.m4a */; settings = {ASSET_TAGS = (ly06, ); }; };
		4AD063821EA3802200751922 /* ly10.m4a in Resources */ = {isa = PBXBuildFile; fileRef = 4AD0636D1EA244AC00751922 /* ly10.m4a */; settings = {ASSET_TAGS = (ly10, ); }; };
		4AD063831EA3802200751922 /* ly04.m4a in Resources */ = {isa = PBXBuildFile; fileRef = 4AD0636E1EA244AC00751922 /* ly04.m4a */; settings = {ASSET_TAGS = (ly04, ); }; };
/* End PBXBuildFile section */

/* Begin PBXContainerItemProxy section */
		139073201D109194003A3333 /* PBXContainerItemProxy */ = {
			isa = PBXContainerItemProxy;
			containerPortal = 139073011D109193003A3333 /* Project object */;
			proxyType = 1;
			remoteGlobalIDString = 139073081D109193003A3333;
			remoteInfo = lengyan;
		};
		1390732B1D109194003A3333 /* PBXContainerItemProxy */ = {
			isa = PBXContainerItemProxy;
			containerPortal = 139073011D109193003A3333 /* Project object */;
			proxyType = 1;
			remoteGlobalIDString = 139073081D109193003A3333;
			remoteInfo = lengyan;
		};
/* End PBXContainerItemProxy section */

/* Begin PBXFileReference section */
		130E8CA31D1B360B00D0855A /* SutraIndexViewController.swift */ = {isa = PBXFileReference; fileEncoding = 4; indentWidth = 4; lastKnownFileType = sourcecode.swift; path = SutraIndexViewController.swift; sourceTree = "<group>"; tabWidth = 4; };
		1313C43D1D53E99800395429 /* MediaTableViewController.swift */ = {isa = PBXFileReference; fileEncoding = 4; indentWidth = 4; lastKnownFileType = sourcecode.swift; path = MediaTableViewController.swift; sourceTree = "<group>"; tabWidth = 4; };
		132014761F12B9850081FDDB /* zh-Hant */ = {isa = PBXFileReference; lastKnownFileType = text.plist.strings; name = "zh-Hant"; path = "zh-Hant.lproj/Localizable.strings"; sourceTree = "<group>"; };
		132014781F12B9870081FDDB /* zh-Hans */ = {isa = PBXFileReference; lastKnownFileType = text.plist.strings; name = "zh-Hans"; path = "zh-Hans.lproj/Localizable.strings"; sourceTree = "<group>"; };
		1321D0681EEF141B005DC278 /* zh-Hans */ = {isa = PBXFileReference; lastKnownFileType = text.plist.strings; name = "zh-Hans"; path = "zh-Hans.lproj/Main.strings"; sourceTree = "<group>"; };
		1321D0691EEF142A005DC278 /* zh-Hant */ = {isa = PBXFileReference; lastKnownFileType = text.plist.strings; name = "zh-Hant"; path = "zh-Hant.lproj/Main.strings"; sourceTree = "<group>"; };
		133192DD1D14901300F4984F /* HidingNavigationBarManager.swift */ = {isa = PBXFileReference; fileEncoding = 4; lastKnownFileType = sourcecode.swift; path = HidingNavigationBarManager.swift; sourceTree = "<group>"; };
		133192DE1D14901300F4984F /* HidingViewController.swift */ = {isa = PBXFileReference; fileEncoding = 4; lastKnownFileType = sourcecode.swift; path = HidingViewController.swift; sourceTree = "<group>"; };
		1344EA5C1D21CAA5001E215B /* String+Common.swift */ = {isa = PBXFileReference; fileEncoding = 4; lastKnownFileType = sourcecode.swift; path = "String+Common.swift"; sourceTree = "<group>"; };
		1344FB791D3254A600E926F4 /* Utils.swift */ = {isa = PBXFileReference; fileEncoding = 4; lastKnownFileType = sourcecode.swift; path = Utils.swift; sourceTree = "<group>"; };
		1350CB8F1D440ACB00FE07D5 /* SutraPageContentViewControllera.swift */ = {isa = PBXFileReference; fileEncoding = 4; indentWidth = 4; lastKnownFileType = sourcecode.swift; path = SutraPageContentViewControllera.swift; sourceTree = "<group>"; tabWidth = 4; };
		135D605C1D16FA4A00029090 /* SutraPageViewController.swift */ = {isa = PBXFileReference; fileEncoding = 4; lastKnownFileType = sourcecode.swift; path = SutraPageViewController.swift; sourceTree = "<group>"; };
		135D605E1D16FABE00029090 /* SutraStoryboard.storyboard */ = {isa = PBXFileReference; fileEncoding = 4; lastKnownFileType = file.storyboard; path = SutraStoryboard.storyboard; sourceTree = "<group>"; };
		135D60601D16FB7400029090 /* SutraBookViewController.swift */ = {isa = PBXFileReference; fileEncoding = 4; lastKnownFileType = sourcecode.swift; path = SutraBookViewController.swift; sourceTree = "<group>"; };
		135D60621D173B1B00029090 /* Book.swift */ = {isa = PBXFileReference; fileEncoding = 4; lastKnownFileType = sourcecode.swift; path = Book.swift; sourceTree = "<group>"; };
		135D60641D174CC300029090 /* SutraTableViewCell.swift */ = {isa = PBXFileReference; fileEncoding = 4; lastKnownFileType = sourcecode.swift; path = SutraTableViewCell.swift; sourceTree = "<group>"; };
		13643B281D2B1B8A00EB4372 /* SutraActionGroupView.swift */ = {isa = PBXFileReference; fileEncoding = 4; lastKnownFileType = sourcecode.swift; path = SutraActionGroupView.swift; sourceTree = "<group>"; };
		1372181B1D402B720037332A /* SutraPurePageViewController.swift */ = {isa = PBXFileReference; fileEncoding = 4; indentWidth = 4; lastKnownFileType = sourcecode.swift; path = SutraPurePageViewController.swift; sourceTree = "<group>"; tabWidth = 4; };
		1372181D1D402E340037332A /* SutraPurePageContentViewController.swift */ = {isa = PBXFileReference; fileEncoding = 4; indentWidth = 4; lastKnownFileType = sourcecode.swift; path = SutraPurePageContentViewController.swift; sourceTree = "<group>"; tabWidth = 4; };
		1382E5311EAB341900EBE749 /* todo.txt */ = {isa = PBXFileReference; lastKnownFileType = text; path = todo.txt; sourceTree = "<group>"; };
		139073091D109193003A3333 /* lengyan.app */ = {isa = PBXFileReference; explicitFileType = wrapper.application; includeInIndex = 0; path = lengyan.app; sourceTree = BUILT_PRODUCTS_DIR; };
		1390730C1D109193003A3333 /* AppDelegate.swift */ = {isa = PBXFileReference; lastKnownFileType = sourcecode.swift; path = AppDelegate.swift; sourceTree = "<group>"; };
		139073101D109193003A3333 /* StarsTableViewController.swift */ = {isa = PBXFileReference; lastKnownFileType = sourcecode.swift; path = StarsTableViewController.swift; sourceTree = "<group>"; };
		139073131D109193003A3333 /* Base */ = {isa = PBXFileReference; lastKnownFileType = file.storyboard; name = Base; path = Base.lproj/Main.storyboard; sourceTree = "<group>"; };
		139073181D109194003A3333 /* Base */ = {isa = PBXFileReference; lastKnownFileType = file.storyboard; name = Base; path = Base.lproj/LaunchScreen.storyboard; sourceTree = "<group>"; };
		1390731A1D109194003A3333 /* Info.plist */ = {isa = PBXFileReference; lastKnownFileType = text.plist.xml; path = Info.plist; sourceTree = "<group>"; };
		1390731F1D109194003A3333 /* lengyanTests.xctest */ = {isa = PBXFileReference; explicitFileType = wrapper.cfbundle; includeInIndex = 0; path = lengyanTests.xctest; sourceTree = BUILT_PRODUCTS_DIR; };
		139073231D109194003A3333 /* lengyanTests.swift */ = {isa = PBXFileReference; lastKnownFileType = sourcecode.swift; path = lengyanTests.swift; sourceTree = "<group>"; };
		139073251D109194003A3333 /* Info.plist */ = {isa = PBXFileReference; lastKnownFileType = text.plist.xml; path = Info.plist; sourceTree = "<group>"; };
		1390732A1D109194003A3333 /* lengyanUITests.xctest */ = {isa = PBXFileReference; explicitFileType = wrapper.cfbundle; includeInIndex = 0; path = lengyanUITests.xctest; sourceTree = BUILT_PRODUCTS_DIR; };
		1390732E1D109194003A3333 /* lengyanUITests.swift */ = {isa = PBXFileReference; lastKnownFileType = sourcecode.swift; path = lengyanUITests.swift; sourceTree = "<group>"; };
		139073301D109194003A3333 /* Info.plist */ = {isa = PBXFileReference; lastKnownFileType = text.plist.xml; path = Info.plist; sourceTree = "<group>"; };
		1390733E1D10926A003A3333 /* Neon.h */ = {isa = PBXFileReference; fileEncoding = 4; lastKnownFileType = sourcecode.c.h; path = Neon.h; sourceTree = "<group>"; };
		1390733F1D10926A003A3333 /* Neon.swift */ = {isa = PBXFileReference; fileEncoding = 4; lastKnownFileType = sourcecode.swift; path = Neon.swift; sourceTree = "<group>"; };
		139073401D10926A003A3333 /* NeonAlignable.swift */ = {isa = PBXFileReference; fileEncoding = 4; lastKnownFileType = sourcecode.swift; path = NeonAlignable.swift; sourceTree = "<group>"; };
		139073411D10926A003A3333 /* NeonAnchorable.swift */ = {isa = PBXFileReference; fileEncoding = 4; lastKnownFileType = sourcecode.swift; path = NeonAnchorable.swift; sourceTree = "<group>"; };
		139073421D10926A003A3333 /* NeonFrameable.swift */ = {isa = PBXFileReference; fileEncoding = 4; lastKnownFileType = sourcecode.swift; path = NeonFrameable.swift; sourceTree = "<group>"; };
		139073431D10926A003A3333 /* NeonGroupable.swift */ = {isa = PBXFileReference; fileEncoding = 4; lastKnownFileType = sourcecode.swift; path = NeonGroupable.swift; sourceTree = "<group>"; };
		139073491D109274003A3333 /* FirstViewController.swift */ = {isa = PBXFileReference; fileEncoding = 4; lastKnownFileType = sourcecode.swift; path = FirstViewController.swift; sourceTree = "<group>"; };
		1390734B1D109284003A3333 /* data */ = {isa = PBXFileReference; lastKnownFileType = folder; path = data; sourceTree = "<group>"; };
		139073521D1093D8003A3333 /* lengyan-Bridging-Header.h */ = {isa = PBXFileReference; lastKnownFileType = sourcecode.c.h; path = "lengyan-Bridging-Header.h"; sourceTree = "<group>"; };
		139073631D109B0B003A3333 /* RATreeView.h */ = {isa = PBXFileReference; fileEncoding = 4; lastKnownFileType = sourcecode.c.h; path = RATreeView.h; sourceTree = "<group>"; };
		139073641D109B0B003A3333 /* RATreeView.m */ = {isa = PBXFileReference; fileEncoding = 4; lastKnownFileType = sourcecode.c.objc; path = RATreeView.m; sourceTree = "<group>"; };
		139073671D109B3F003A3333 /* RABatchChangeEntity.h */ = {isa = PBXFileReference; fileEncoding = 4; lastKnownFileType = sourcecode.c.h; path = RABatchChangeEntity.h; sourceTree = "<group>"; };
		139073681D109B3F003A3333 /* RABatchChangeEntity.m */ = {isa = PBXFileReference; fileEncoding = 4; lastKnownFileType = sourcecode.c.objc; path = RABatchChangeEntity.m; sourceTree = "<group>"; };
		139073691D109B3F003A3333 /* RABatchChanges.h */ = {isa = PBXFileReference; fileEncoding = 4; lastKnownFileType = sourcecode.c.h; path = RABatchChanges.h; sourceTree = "<group>"; };
		1390736A1D109B3F003A3333 /* RABatchChanges.m */ = {isa = PBXFileReference; fileEncoding = 4; lastKnownFileType = sourcecode.c.objc; path = RABatchChanges.m; sourceTree = "<group>"; };
		1390736B1D109B3F003A3333 /* RATableView.h */ = {isa = PBXFileReference; fileEncoding = 4; lastKnownFileType = sourcecode.c.h; path = RATableView.h; sourceTree = "<group>"; };
		1390736C1D109B3F003A3333 /* RATableView.m */ = {isa = PBXFileReference; fileEncoding = 4; lastKnownFileType = sourcecode.c.objc; path = RATableView.m; sourceTree = "<group>"; };
		1390736D1D109B3F003A3333 /* RATreeNode_ClassExtension.h */ = {isa = PBXFileReference; fileEncoding = 4; lastKnownFileType = sourcecode.c.h; path = RATreeNode_ClassExtension.h; sourceTree = "<group>"; };
		1390736E1D109B3F003A3333 /* RATreeNode.h */ = {isa = PBXFileReference; fileEncoding = 4; lastKnownFileType = sourcecode.c.h; path = RATreeNode.h; sourceTree = "<group>"; };
		1390736F1D109B3F003A3333 /* RATreeNode.m */ = {isa = PBXFileReference; fileEncoding = 4; lastKnownFileType = sourcecode.c.objc; path = RATreeNode.m; sourceTree = "<group>"; };
		139073701D109B3F003A3333 /* RATreeNodeCollectionController.h */ = {isa = PBXFileReference; fileEncoding = 4; lastKnownFileType = sourcecode.c.h; path = RATreeNodeCollectionController.h; sourceTree = "<group>"; };
		139073711D109B3F003A3333 /* RATreeNodeCollectionController.m */ = {isa = PBXFileReference; fileEncoding = 4; lastKnownFileType = sourcecode.c.objc; path = RATreeNodeCollectionController.m; sourceTree = "<group>"; };
		139073721D109B3F003A3333 /* RATreeNodeController.h */ = {isa = PBXFileReference; fileEncoding = 4; lastKnownFileType = sourcecode.c.h; path = RATreeNodeController.h; sourceTree = "<group>"; };
		139073731D109B3F003A3333 /* RATreeNodeController.m */ = {isa = PBXFileReference; fileEncoding = 4; lastKnownFileType = sourcecode.c.objc; path = RATreeNodeController.m; sourceTree = "<group>"; };
		139073741D109B3F003A3333 /* RATreeNodeItem.h */ = {isa = PBXFileReference; fileEncoding = 4; lastKnownFileType = sourcecode.c.h; path = RATreeNodeItem.h; sourceTree = "<group>"; };
		139073751D109B3F003A3333 /* RATreeNodeItem.m */ = {isa = PBXFileReference; fileEncoding = 4; lastKnownFileType = sourcecode.c.objc; path = RATreeNodeItem.m; sourceTree = "<group>"; };
		139073761D109B3F003A3333 /* RATreeNodeItem+ClassExtension.h */ = {isa = PBXFileReference; fileEncoding = 4; lastKnownFileType = sourcecode.c.h; path = "RATreeNodeItem+ClassExtension.h"; sourceTree = "<group>"; };
		139073771D109B3F003A3333 /* RATreeNodeItem+Private.h */ = {isa = PBXFileReference; fileEncoding = 4; lastKnownFileType = sourcecode.c.h; path = "RATreeNodeItem+Private.h"; sourceTree = "<group>"; };
		139073781D109B3F003A3333 /* RATreeNodeItem+Private.m */ = {isa = PBXFileReference; fileEncoding = 4; lastKnownFileType = sourcecode.c.objc; path = "RATreeNodeItem+Private.m"; sourceTree = "<group>"; };
		139073791D109B3F003A3333 /* RATreeView_ClassExtension.h */ = {isa = PBXFileReference; fileEncoding = 4; lastKnownFileType = sourcecode.c.h; path = RATreeView_ClassExtension.h; sourceTree = "<group>"; };
		1390737A1D109B3F003A3333 /* RATreeView+Enums.h */ = {isa = PBXFileReference; fileEncoding = 4; lastKnownFileType = sourcecode.c.h; path = "RATreeView+Enums.h"; sourceTree = "<group>"; };
		1390737B1D109B3F003A3333 /* RATreeView+Enums.m */ = {isa = PBXFileReference; fileEncoding = 4; lastKnownFileType = sourcecode.c.objc; path = "RATreeView+Enums.m"; sourceTree = "<group>"; };
		1390737C1D109B3F003A3333 /* RATreeView+Private.h */ = {isa = PBXFileReference; fileEncoding = 4; lastKnownFileType = sourcecode.c.h; path = "RATreeView+Private.h"; sourceTree = "<group>"; };
		1390737D1D109B3F003A3333 /* RATreeView+Private.m */ = {isa = PBXFileReference; fileEncoding = 4; lastKnownFileType = sourcecode.c.objc; path = "RATreeView+Private.m"; sourceTree = "<group>"; };
		1390737E1D109B3F003A3333 /* RATreeView+RATreeNodeCollectionControllerDataSource.h */ = {isa = PBXFileReference; fileEncoding = 4; lastKnownFileType = sourcecode.c.h; path = "RATreeView+RATreeNodeCollectionControllerDataSource.h"; sourceTree = "<group>"; };
		1390737F1D109B3F003A3333 /* RATreeView+RATreeNodeCollectionControllerDataSource.m */ = {isa = PBXFileReference; fileEncoding = 4; lastKnownFileType = sourcecode.c.objc; path = "RATreeView+RATreeNodeCollectionControllerDataSource.m"; sourceTree = "<group>"; };
		139073801D109B3F003A3333 /* RATreeView+TableViewDataSource.h */ = {isa = PBXFileReference; fileEncoding = 4; lastKnownFileType = sourcecode.c.h; path = "RATreeView+TableViewDataSource.h"; sourceTree = "<group>"; };
		139073811D109B3F003A3333 /* RATreeView+TableViewDataSource.m */ = {isa = PBXFileReference; fileEncoding = 4; lastKnownFileType = sourcecode.c.objc; path = "RATreeView+TableViewDataSource.m"; sourceTree = "<group>"; };
		139073821D109B3F003A3333 /* RATreeView+TableViewDelegate.h */ = {isa = PBXFileReference; fileEncoding = 4; lastKnownFileType = sourcecode.c.h; path = "RATreeView+TableViewDelegate.h"; sourceTree = "<group>"; };
		139073831D109B3F003A3333 /* RATreeView+TableViewDelegate.m */ = {isa = PBXFileReference; fileEncoding = 4; lastKnownFileType = sourcecode.c.objc; path = "RATreeView+TableViewDelegate.m"; sourceTree = "<group>"; };
		13978CCC1D2028E5005031EE /* Data.swift */ = {isa = PBXFileReference; fileEncoding = 4; lastKnownFileType = sourcecode.swift; path = Data.swift; sourceTree = "<group>"; };
		13CA80F01EAB3BF600589E8F /* Assets.xcassets */ = {isa = PBXFileReference; lastKnownFileType = folder.assetcatalog; path = Assets.xcassets; sourceTree = "<group>"; };
		13DF26861F1BC410007DEF71 /* Base */ = {isa = PBXFileReference; lastKnownFileType = text.plist.strings; name = Base; path = Base.lproj/Localizable.strings; sourceTree = "<group>"; };
		13E120FD1D27FBFC002B8B1C /* SutraFrontViewController.swift */ = {isa = PBXFileReference; fileEncoding = 4; lastKnownFileType = sourcecode.swift; path = SutraFrontViewController.swift; sourceTree = "<group>"; };
		13E2230A1D5150C5000F763F /* Macros.swift */ = {isa = PBXFileReference; fileEncoding = 4; lastKnownFileType = sourcecode.swift; path = Macros.swift; sourceTree = "<group>"; };
		4A6C6BB01EE5A4C700B447DC /* lyzpg1.m4a */ = {isa = PBXFileReference; lastKnownFileType = file; path = lyzpg1.m4a; sourceTree = "<group>"; };
		4A6C6BB11EE5A4F300B447DC /* lyz1.m4a */ = {isa = PBXFileReference; lastKnownFileType = file; path = lyz1.m4a; sourceTree = "<group>"; };
		4A6C88FC1EC24BC700C0F43A /* SVModalWebViewController.h */ = {isa = PBXFileReference; fileEncoding = 4; lastKnownFileType = sourcecode.c.h; path = SVModalWebViewController.h; sourceTree = "<group>"; };
		4A6C88FD1EC24BC700C0F43A /* SVModalWebViewController.m */ = {isa = PBXFileReference; fileEncoding = 4; lastKnownFileType = sourcecode.c.objc; path = SVModalWebViewController.m; sourceTree = "<group>"; };
		4A6C88FE1EC24BC700C0F43A /* SVWebViewController.bundle */ = {isa = PBXFileReference; lastKnownFileType = "wrapper.plug-in"; path = SVWebViewController.bundle; sourceTree = "<group>"; };
		4A6C88FF1EC24BC700C0F43A /* SVWebViewController.h */ = {isa = PBXFileReference; fileEncoding = 4; lastKnownFileType = sourcecode.c.h; path = SVWebViewController.h; sourceTree = "<group>"; };
		4A6C89001EC24BC700C0F43A /* SVWebViewController.m */ = {isa = PBXFileReference; fileEncoding = 4; lastKnownFileType = sourcecode.c.objc; path = SVWebViewController.m; sourceTree = "<group>"; };
		4A6C89031EC24BC700C0F43A /* SVWebViewControllerActivityChrome-iPad.png */ = {isa = PBXFileReference; lastKnownFileType = image.png; path = "SVWebViewControllerActivityChrome-iPad.png"; sourceTree = "<group>"; };
		4A6C89041EC24BC700C0F43A /* SVWebViewControllerActivityChrome-iPad@2x.png */ = {isa = PBXFileReference; lastKnownFileType = image.png; path = "SVWebViewControllerActivityChrome-iPad@2x.png"; sourceTree = "<group>"; };
		4A6C89051EC24BC700C0F43A /* SVWebViewControllerActivityChrome.h */ = {isa = PBXFileReference; fileEncoding = 4; lastKnownFileType = sourcecode.c.h; path = SVWebViewControllerActivityChrome.h; sourceTree = "<group>"; };
		4A6C89061EC24BC700C0F43A /* SVWebViewControllerActivityChrome.m */ = {isa = PBXFileReference; fileEncoding = 4; lastKnownFileType = sourcecode.c.objc; path = SVWebViewControllerActivityChrome.m; sourceTree = "<group>"; };
		4A6C89071EC24BC700C0F43A /* SVWebViewControllerActivityChrome@2x.png */ = {isa = PBXFileReference; lastKnownFileType = image.png; path = "SVWebViewControllerActivityChrome@2x.png"; sourceTree = "<group>"; };
		4A6C89091EC24BC700C0F43A /* SVWebViewControllerActivitySafari-iPad.png */ = {isa = PBXFileReference; lastKnownFileType = image.png; path = "SVWebViewControllerActivitySafari-iPad.png"; sourceTree = "<group>"; };
		4A6C890A1EC24BC700C0F43A /* SVWebViewControllerActivitySafari-iPad@2x.png */ = {isa = PBXFileReference; lastKnownFileType = image.png; path = "SVWebViewControllerActivitySafari-iPad@2x.png"; sourceTree = "<group>"; };
		4A6C890B1EC24BC700C0F43A /* SVWebViewControllerActivitySafari.h */ = {isa = PBXFileReference; fileEncoding = 4; lastKnownFileType = sourcecode.c.h; path = SVWebViewControllerActivitySafari.h; sourceTree = "<group>"; };
		4A6C890C1EC24BC700C0F43A /* SVWebViewControllerActivitySafari.m */ = {isa = PBXFileReference; fileEncoding = 4; lastKnownFileType = sourcecode.c.objc; path = SVWebViewControllerActivitySafari.m; sourceTree = "<group>"; };
		4A6C890D1EC24BC700C0F43A /* SVWebViewControllerActivitySafari@2x.png */ = {isa = PBXFileReference; lastKnownFileType = image.png; path = "SVWebViewControllerActivitySafari@2x.png"; sourceTree = "<group>"; };
		4A6C890E1EC24BC700C0F43A /* SVWebViewControllerActivity.h */ = {isa = PBXFileReference; fileEncoding = 4; lastKnownFileType = sourcecode.c.h; path = SVWebViewControllerActivity.h; sourceTree = "<group>"; };
		4A6C890F1EC24BC700C0F43A /* SVWebViewControllerActivity.m */ = {isa = PBXFileReference; fileEncoding = 4; lastKnownFileType = sourcecode.c.objc; path = SVWebViewControllerActivity.m; sourceTree = "<group>"; };
		4AD063651EA244AC00751922 /* ly01.m4a */ = {isa = PBXFileReference; lastKnownFileType = file; path = ly01.m4a; sourceTree = "<group>"; };
		4AD063661EA244AC00751922 /* ly07.m4a */ = {isa = PBXFileReference; lastKnownFileType = file; path = ly07.m4a; sourceTree = "<group>"; };
		4AD063671EA244AC00751922 /* ly03.m4a */ = {isa = PBXFileReference; lastKnownFileType = file; path = ly03.m4a; sourceTree = "<group>"; };
		4AD063681EA244AC00751922 /* ly09.m4a */ = {isa = PBXFileReference; lastKnownFileType = file; path = ly09.m4a; sourceTree = "<group>"; };
		4AD063691EA244AC00751922 /* ly02.m4a */ = {isa = PBXFileReference; lastKnownFileType = file; path = ly02.m4a; sourceTree = "<group>"; };
		4AD0636A1EA244AC00751922 /* ly05.m4a */ = {isa = PBXFileReference; lastKnownFileType = file; path = ly05.m4a; sourceTree = "<group>"; };
		4AD0636B1EA244AC00751922 /* ly08.m4a */ = {isa = PBXFileReference; lastKnownFileType = file; path = ly08.m4a; sourceTree = "<group>"; };
		4AD0636C1EA244AC00751922 /* ly06.m4a */ = {isa = PBXFileReference; lastKnownFileType = file; path = ly06.m4a; sourceTree = "<group>"; };
		4AD0636D1EA244AC00751922 /* ly10.m4a */ = {isa = PBXFileReference; lastKnownFileType = file; path = ly10.m4a; sourceTree = "<group>"; };
		4AD0636E1EA244AC00751922 /* ly04.m4a */ = {isa = PBXFileReference; lastKnownFileType = file; path = ly04.m4a; sourceTree = "<group>"; };
/* End PBXFileReference section */

/* Begin PBXFrameworksBuildPhase section */
		139073061D109193003A3333 /* Frameworks */ = {
			isa = PBXFrameworksBuildPhase;
			buildActionMask = 2147483647;
			files = (
			);
			runOnlyForDeploymentPostprocessing = 0;
		};
		1390731C1D109194003A3333 /* Frameworks */ = {
			isa = PBXFrameworksBuildPhase;
			buildActionMask = 2147483647;
			files = (
			);
			runOnlyForDeploymentPostprocessing = 0;
		};
		139073271D109194003A3333 /* Frameworks */ = {
			isa = PBXFrameworksBuildPhase;
			buildActionMask = 2147483647;
			files = (
			);
			runOnlyForDeploymentPostprocessing = 0;
		};
/* End PBXFrameworksBuildPhase section */

/* Begin PBXGroup section */
		133192E21D14904700F4984F /* HidingNavigationBar */ = {
			isa = PBXGroup;
			children = (
				133192DD1D14901300F4984F /* HidingNavigationBarManager.swift */,
				133192DE1D14901300F4984F /* HidingViewController.swift */,
			);
			name = HidingNavigationBar;
			sourceTree = "<group>";
		};
		1344EA5B1D21CA5F001E215B /* common */ = {
			isa = PBXGroup;
			children = (
				1344EA5C1D21CAA5001E215B /* String+Common.swift */,
			);
			name = common;
			sourceTree = "<group>";
		};
		139073001D109193003A3333 = {
			isa = PBXGroup;
			children = (
				4A6C88F21EC24BC700C0F43A /* SVWebViewController */,
				1390730B1D109193003A3333 /* lengyan */,
				139073221D109194003A3333 /* lengyanTests */,
				1390732D1D109194003A3333 /* lengyanUITests */,
				1390730A1D109193003A3333 /* Products */,
			);
			indentWidth = 4;
			sourceTree = "<group>";
			tabWidth = 4;
		};
		1390730A1D109193003A3333 /* Products */ = {
			isa = PBXGroup;
			children = (
				139073091D109193003A3333 /* lengyan.app */,
				1390731F1D109194003A3333 /* lengyanTests.xctest */,
				1390732A1D109194003A3333 /* lengyanUITests.xctest */,
			);
			name = Products;
			sourceTree = "<group>";
		};
		1390730B1D109193003A3333 /* lengyan */ = {
			isa = PBXGroup;
			children = (
				13CA80F01EAB3BF600589E8F /* Assets.xcassets */,
				1390734B1D109284003A3333 /* data */,
				4AD063641EA244AC00751922 /* media */,
				1344EA5B1D21CA5F001E215B /* common */,
				133192E21D14904700F4984F /* HidingNavigationBar */,
				139073661D109B1A003A3333 /* RATreeView */,
				1390734D1D10928D003A3333 /* neon */,
				139073491D109274003A3333 /* FirstViewController.swift */,
				13E120FD1D27FBFC002B8B1C /* SutraFrontViewController.swift */,
				130E8CA31D1B360B00D0855A /* SutraIndexViewController.swift */,
				135D605C1D16FA4A00029090 /* SutraPageViewController.swift */,
				1350CB8F1D440ACB00FE07D5 /* SutraPageContentViewControllera.swift */,
				1372181B1D402B720037332A /* SutraPurePageViewController.swift */,
				1372181D1D402E340037332A /* SutraPurePageContentViewController.swift */,
				135D60601D16FB7400029090 /* SutraBookViewController.swift */,
				135D60641D174CC300029090 /* SutraTableViewCell.swift */,
				13643B281D2B1B8A00EB4372 /* SutraActionGroupView.swift */,
				13978CCC1D2028E5005031EE /* Data.swift */,
				1390730C1D109193003A3333 /* AppDelegate.swift */,
				139073101D109193003A3333 /* StarsTableViewController.swift */,
				1313C43D1D53E99800395429 /* MediaTableViewController.swift */,
				135D60621D173B1B00029090 /* Book.swift */,
				139073121D109193003A3333 /* Main.storyboard */,
				135D605E1D16FABE00029090 /* SutraStoryboard.storyboard */,
				139073171D109194003A3333 /* LaunchScreen.storyboard */,
				1390731A1D109194003A3333 /* Info.plist */,
				139073521D1093D8003A3333 /* lengyan-Bridging-Header.h */,
				1344FB791D3254A600E926F4 /* Utils.swift */,
				13E2230A1D5150C5000F763F /* Macros.swift */,
				1382E5311EAB341900EBE749 /* todo.txt */,
				132014771F12B9850081FDDB /* Localizable.strings */,
			);
			path = lengyan;
			sourceTree = "<group>";
		};
		139073221D109194003A3333 /* lengyanTests */ = {
			isa = PBXGroup;
			children = (
				139073231D109194003A3333 /* lengyanTests.swift */,
				139073251D109194003A3333 /* Info.plist */,
			);
			path = lengyanTests;
			sourceTree = "<group>";
		};
		1390732D1D109194003A3333 /* lengyanUITests */ = {
			isa = PBXGroup;
			children = (
				1390732E1D109194003A3333 /* lengyanUITests.swift */,
				139073301D109194003A3333 /* Info.plist */,
			);
			path = lengyanUITests;
			sourceTree = "<group>";
		};
		1390734D1D10928D003A3333 /* neon */ = {
			isa = PBXGroup;
			children = (
				1390733E1D10926A003A3333 /* Neon.h */,
				1390733F1D10926A003A3333 /* Neon.swift */,
				139073401D10926A003A3333 /* NeonAlignable.swift */,
				139073411D10926A003A3333 /* NeonAnchorable.swift */,
				139073421D10926A003A3333 /* NeonFrameable.swift */,
				139073431D10926A003A3333 /* NeonGroupable.swift */,
			);
			name = neon;
			sourceTree = "<group>";
		};
		139073661D109B1A003A3333 /* RATreeView */ = {
			isa = PBXGroup;
			children = (
				139073911D109B4F003A3333 /* private */,
				139073631D109B0B003A3333 /* RATreeView.h */,
				139073641D109B0B003A3333 /* RATreeView.m */,
			);
			name = RATreeView;
			sourceTree = "<group>";
		};
		139073911D109B4F003A3333 /* private */ = {
			isa = PBXGroup;
			children = (
				139073671D109B3F003A3333 /* RABatchChangeEntity.h */,
				139073681D109B3F003A3333 /* RABatchChangeEntity.m */,
				139073691D109B3F003A3333 /* RABatchChanges.h */,
				1390736A1D109B3F003A3333 /* RABatchChanges.m */,
				1390736B1D109B3F003A3333 /* RATableView.h */,
				1390736C1D109B3F003A3333 /* RATableView.m */,
				1390736D1D109B3F003A3333 /* RATreeNode_ClassExtension.h */,
				1390736E1D109B3F003A3333 /* RATreeNode.h */,
				1390736F1D109B3F003A3333 /* RATreeNode.m */,
				139073701D109B3F003A3333 /* RATreeNodeCollectionController.h */,
				139073711D109B3F003A3333 /* RATreeNodeCollectionController.m */,
				139073721D109B3F003A3333 /* RATreeNodeController.h */,
				139073731D109B3F003A3333 /* RATreeNodeController.m */,
				139073741D109B3F003A3333 /* RATreeNodeItem.h */,
				139073751D109B3F003A3333 /* RATreeNodeItem.m */,
				139073761D109B3F003A3333 /* RATreeNodeItem+ClassExtension.h */,
				139073771D109B3F003A3333 /* RATreeNodeItem+Private.h */,
				139073781D109B3F003A3333 /* RATreeNodeItem+Private.m */,
				139073791D109B3F003A3333 /* RATreeView_ClassExtension.h */,
				1390737A1D109B3F003A3333 /* RATreeView+Enums.h */,
				1390737B1D109B3F003A3333 /* RATreeView+Enums.m */,
				1390737C1D109B3F003A3333 /* RATreeView+Private.h */,
				1390737D1D109B3F003A3333 /* RATreeView+Private.m */,
				1390737E1D109B3F003A3333 /* RATreeView+RATreeNodeCollectionControllerDataSource.h */,
				1390737F1D109B3F003A3333 /* RATreeView+RATreeNodeCollectionControllerDataSource.m */,
				139073801D109B3F003A3333 /* RATreeView+TableViewDataSource.h */,
				139073811D109B3F003A3333 /* RATreeView+TableViewDataSource.m */,
				139073821D109B3F003A3333 /* RATreeView+TableViewDelegate.h */,
				139073831D109B3F003A3333 /* RATreeView+TableViewDelegate.m */,
			);
			name = private;
			sourceTree = "<group>";
		};
		4A6C88F21EC24BC700C0F43A /* SVWebViewController */ = {
			isa = PBXGroup;
			children = (
				4A6C88FC1EC24BC700C0F43A /* SVModalWebViewController.h */,
				4A6C88FD1EC24BC700C0F43A /* SVModalWebViewController.m */,
				4A6C88FE1EC24BC700C0F43A /* SVWebViewController.bundle */,
				4A6C88FF1EC24BC700C0F43A /* SVWebViewController.h */,
				4A6C89001EC24BC700C0F43A /* SVWebViewController.m */,
				4A6C89011EC24BC700C0F43A /* UIActivities */,
			);
			path = SVWebViewController;
			sourceTree = "<group>";
		};
		4A6C89011EC24BC700C0F43A /* UIActivities */ = {
			isa = PBXGroup;
			children = (
				4A6C89021EC24BC700C0F43A /* Chrome */,
				4A6C89081EC24BC700C0F43A /* Safari */,
				4A6C890E1EC24BC700C0F43A /* SVWebViewControllerActivity.h */,
				4A6C890F1EC24BC700C0F43A /* SVWebViewControllerActivity.m */,
			);
			path = UIActivities;
			sourceTree = "<group>";
		};
		4A6C89021EC24BC700C0F43A /* Chrome */ = {
			isa = PBXGroup;
			children = (
				4A6C89031EC24BC700C0F43A /* SVWebViewControllerActivityChrome-iPad.png */,
				4A6C89041EC24BC700C0F43A /* SVWebViewControllerActivityChrome-iPad@2x.png */,
				4A6C89051EC24BC700C0F43A /* SVWebViewControllerActivityChrome.h */,
				4A6C89061EC24BC700C0F43A /* SVWebViewControllerActivityChrome.m */,
				4A6C89071EC24BC700C0F43A /* SVWebViewControllerActivityChrome@2x.png */,
			);
			path = Chrome;
			sourceTree = "<group>";
		};
		4A6C89081EC24BC700C0F43A /* Safari */ = {
			isa = PBXGroup;
			children = (
				4A6C89091EC24BC700C0F43A /* SVWebViewControllerActivitySafari-iPad.png */,
				4A6C890A1EC24BC700C0F43A /* SVWebViewControllerActivitySafari-iPad@2x.png */,
				4A6C890B1EC24BC700C0F43A /* SVWebViewControllerActivitySafari.h */,
				4A6C890C1EC24BC700C0F43A /* SVWebViewControllerActivitySafari.m */,
				4A6C890D1EC24BC700C0F43A /* SVWebViewControllerActivitySafari@2x.png */,
			);
			path = Safari;
			sourceTree = "<group>";
		};
		4AD063641EA244AC00751922 /* media */ = {
			isa = PBXGroup;
			children = (
				4AD063651EA244AC00751922 /* ly01.m4a */,
				4AD063661EA244AC00751922 /* ly07.m4a */,
				4AD063671EA244AC00751922 /* ly03.m4a */,
				4AD063681EA244AC00751922 /* ly09.m4a */,
				4AD063691EA244AC00751922 /* ly02.m4a */,
				4AD0636A1EA244AC00751922 /* ly05.m4a */,
				4AD0636B1EA244AC00751922 /* ly08.m4a */,
				4AD0636C1EA244AC00751922 /* ly06.m4a */,
				4AD0636D1EA244AC00751922 /* ly10.m4a */,
				4AD0636E1EA244AC00751922 /* ly04.m4a */,
				4A6C6BB11EE5A4F300B447DC /* lyz1.m4a */,
				4A6C6BB01EE5A4C700B447DC /* lyzpg1.m4a */,
			);
			name = media;
			path = "屏東能淨協會讀誦";
			sourceTree = "<group>";
		};
/* End PBXGroup section */

/* Begin PBXNativeTarget section */
		139073081D109193003A3333 /* lengyan */ = {
			isa = PBXNativeTarget;
			buildConfigurationList = 139073331D109194003A3333 /* Build configuration list for PBXNativeTarget "lengyan" */;
			buildPhases = (
				139073051D109193003A3333 /* Sources */,
				139073061D109193003A3333 /* Frameworks */,
				139073071D109193003A3333 /* Resources */,
			);
			buildRules = (
			);
			dependencies = (
			);
			name = lengyan;
			productName = lengyan;
			productReference = 139073091D109193003A3333 /* lengyan.app */;
			productType = "com.apple.product-type.application";
		};
		1390731E1D109194003A3333 /* lengyanTests */ = {
			isa = PBXNativeTarget;
			buildConfigurationList = 139073361D109194003A3333 /* Build configuration list for PBXNativeTarget "lengyanTests" */;
			buildPhases = (
				1390731B1D109194003A3333 /* Sources */,
				1390731C1D109194003A3333 /* Frameworks */,
				1390731D1D109194003A3333 /* Resources */,
			);
			buildRules = (
			);
			dependencies = (
				139073211D109194003A3333 /* PBXTargetDependency */,
			);
			name = lengyanTests;
			productName = lengyanTests;
			productReference = 1390731F1D109194003A3333 /* lengyanTests.xctest */;
			productType = "com.apple.product-type.bundle.unit-test";
		};
		139073291D109194003A3333 /* lengyanUITests */ = {
			isa = PBXNativeTarget;
			buildConfigurationList = 139073391D109194003A3333 /* Build configuration list for PBXNativeTarget "lengyanUITests" */;
			buildPhases = (
				139073261D109194003A3333 /* Sources */,
				139073271D109194003A3333 /* Frameworks */,
				139073281D109194003A3333 /* Resources */,
			);
			buildRules = (
			);
			dependencies = (
				1390732C1D109194003A3333 /* PBXTargetDependency */,
			);
			name = lengyanUITests;
			productName = lengyanUITests;
			productReference = 1390732A1D109194003A3333 /* lengyanUITests.xctest */;
			productType = "com.apple.product-type.bundle.ui-testing";
		};
/* End PBXNativeTarget section */

/* Begin PBXProject section */
		139073011D109193003A3333 /* Project object */ = {
			isa = PBXProject;
			attributes = {
				KnownAssetTags = (
					ly01,
					ly02,
					ly03,
					ly04,
					ly05,
					ly06,
					ly07,
					ly08,
					ly09,
					ly10,
					lyz1,
					lyzpg1,
					"屏東能淨協會讀誦",
					"普光老和尚念誦楞嚴咒",
					"普光老和尚誦楞嚴咒",
					"普光老和尚诵楞严咒",
					"楞严咒",
					"楞严经 卷一",
					"楞严经 卷七",
					"楞严经 卷三",
					"楞严经 卷九",
					"楞严经 卷二",
					"楞严经 卷五",
					"楞严经 卷八",
					"楞严经 卷六",
					"楞严经 卷十",
					"楞严经 卷四",
					"楞嚴咒",
					"楞嚴經 卷一",
					"楞嚴經 卷七",
					"楞嚴經 卷三",
					"楞嚴經 卷九",
					"楞嚴經 卷二",
					"楞嚴經 卷五",
					"楞嚴經 卷八",
					"楞嚴經 卷六",
					"楞嚴經 卷十",
					"楞嚴經 卷四",
				);
				LastSwiftUpdateCheck = 0730;
				LastUpgradeCheck = 0900;
				ORGANIZATIONNAME = xuan;
				TargetAttributes = {
					139073081D109193003A3333 = {
						CreatedOnToolsVersion = 7.3.1;
						DevelopmentTeam = A37UYHPM4V;
						LastSwiftMigration = 0800;
						ProvisioningStyle = Automatic;
						SystemCapabilities = {
							com.apple.BackgroundModes = {
								enabled = 1;
							};
						};
					};
					1390731E1D109194003A3333 = {
						CreatedOnToolsVersion = 7.3.1;
						DevelopmentTeam = A37UYHPM4V;
						LastSwiftMigration = 0800;
						ProvisioningStyle = Automatic;
						TestTargetID = 139073081D109193003A3333;
					};
					139073291D109194003A3333 = {
						CreatedOnToolsVersion = 7.3.1;
						DevelopmentTeam = A37UYHPM4V;
						LastSwiftMigration = 0800;
						ProvisioningStyle = Automatic;
						TestTargetID = 139073081D109193003A3333;
					};
				};
			};
			buildConfigurationList = 139073041D109193003A3333 /* Build configuration list for PBXProject "lengyan" */;
			compatibilityVersion = "Xcode 3.2";
			developmentRegion = English;
			hasScannedForEncodings = 0;
			knownRegions = (
				Base,
				"zh-Hans",
				"zh-Hant",
			);
			mainGroup = 139073001D109193003A3333;
			productRefGroup = 1390730A1D109193003A3333 /* Products */;
			projectDirPath = "";
			projectRoot = "";
			targets = (
				139073081D109193003A3333 /* lengyan */,
				1390731E1D109194003A3333 /* lengyanTests */,
				139073291D109194003A3333 /* lengyanUITests */,
			);
		};
/* End PBXProject section */

/* Begin PBXResourcesBuildPhase section */
		139073071D109193003A3333 /* Resources */ = {
			isa = PBXResourcesBuildPhase;
			buildActionMask = 2147483647;
			files = (
				4AD0637E1EA3802200751922 /* ly02.m4a in Resources */,
				4AD063801EA3802200751922 /* ly08.m4a in Resources */,
				4AD0637F1EA3802200751922 /* ly05.m4a in Resources */,
				4A6C6BB21EE5A5C400B447DC /* lyz1.m4a in Resources */,
				4A6C89161EC24BC700C0F43A /* SVWebViewControllerActivityChrome-iPad.png in Resources */,
				4AD0637D1EA3802200751922 /* ly09.m4a in Resources */,
				4A6C89141EC24BC700C0F43A /* SVWebViewController.bundle in Resources */,
				13CA80F11EAB3BF600589E8F /* Assets.xcassets in Resources */,
				4A6C89171EC24BC700C0F43A /* SVWebViewControllerActivityChrome-iPad@2x.png in Resources */,
				132014751F12B9850081FDDB /* Localizable.strings in Resources */,
				4AD0637A1EA3801400751922 /* ly01.m4a in Resources */,
				139073191D109194003A3333 /* LaunchScreen.storyboard in Resources */,
				4AD0637B1EA3801900751922 /* ly07.m4a in Resources */,
				4A6C891A1EC24BC700C0F43A /* SVWebViewControllerActivitySafari-iPad.png in Resources */,
				4AD063811EA3802200751922 /* ly06.m4a in Resources */,
				139073141D109193003A3333 /* Main.storyboard in Resources */,
				4AD063831EA3802200751922 /* ly04.m4a in Resources */,
				4A6C891B1EC24BC700C0F43A /* SVWebViewControllerActivitySafari-iPad@2x.png in Resources */,
				135D605F1D16FABE00029090 /* SutraStoryboard.storyboard in Resources */,
				4AD063821EA3802200751922 /* ly10.m4a in Resources */,
				4A6C891D1EC24BC700C0F43A /* SVWebViewControllerActivitySafari@2x.png in Resources */,
				4A6C6BB31EE5A5CA00B447DC /* lyzpg1.m4a in Resources */,
				1390734C1D109284003A3333 /* data in Resources */,
				4A6C89191EC24BC700C0F43A /* SVWebViewControllerActivityChrome@2x.png in Resources */,
				4AD0637C1EA3801D00751922 /* ly03.m4a in Resources */,
			);
			runOnlyForDeploymentPostprocessing = 0;
		};
		1390731D1D109194003A3333 /* Resources */ = {
			isa = PBXResourcesBuildPhase;
			buildActionMask = 2147483647;
			files = (
			);
			runOnlyForDeploymentPostprocessing = 0;
		};
		139073281D109194003A3333 /* Resources */ = {
			isa = PBXResourcesBuildPhase;
			buildActionMask = 2147483647;
			files = (
			);
			runOnlyForDeploymentPostprocessing = 0;
		};
/* End PBXResourcesBuildPhase section */

/* Begin PBXSourcesBuildPhase section */
		139073051D109193003A3333 /* Sources */ = {
			isa = PBXSourcesBuildPhase;
			buildActionMask = 2147483647;
			files = (
				1313C43E1D53E99800395429 /* MediaTableViewController.swift in Sources */,
				133192DF1D14901300F4984F /* HidingNavigationBarManager.swift in Sources */,
				1390738C1D109B3F003A3333 /* RATreeView+Enums.m in Sources */,
				139073841D109B3F003A3333 /* RABatchChangeEntity.m in Sources */,
				139073481D10926A003A3333 /* NeonGroupable.swift in Sources */,
				13643B291D2B1B8A00EB4372 /* SutraActionGroupView.swift in Sources */,
				139073111D109193003A3333 /* StarsTableViewController.swift in Sources */,
				4A6C891E1EC24BC700C0F43A /* SVWebViewControllerActivity.m in Sources */,
				1372181E1D402E340037332A /* SutraPurePageContentViewController.swift in Sources */,
				4A6C89131EC24BC700C0F43A /* SVModalWebViewController.m in Sources */,
				135D60611D16FB7400029090 /* SutraBookViewController.swift in Sources */,
				4A6C891C1EC24BC700C0F43A /* SVWebViewControllerActivitySafari.m in Sources */,
				1390738A1D109B3F003A3333 /* RATreeNodeItem.m in Sources */,
				1390738E1D109B3F003A3333 /* RATreeView+RATreeNodeCollectionControllerDataSource.m in Sources */,
				1372181C1D402B720037332A /* SutraPurePageViewController.swift in Sources */,
				4A6C89151EC24BC700C0F43A /* SVWebViewController.m in Sources */,
				1344FB7A1D3254A600E926F4 /* Utils.swift in Sources */,
				135D605D1D16FA4A00029090 /* SutraPageViewController.swift in Sources */,
				13E120FE1D27FBFC002B8B1C /* SutraFrontViewController.swift in Sources */,
				139073651D109B0B003A3333 /* RATreeView.m in Sources */,
				1350CB901D440ACB00FE07D5 /* SutraPageContentViewControllera.swift in Sources */,
				139073471D10926A003A3333 /* NeonFrameable.swift in Sources */,
				139073891D109B3F003A3333 /* RATreeNodeController.m in Sources */,
				1390734A1D109274003A3333 /* FirstViewController.swift in Sources */,
				13978CCD1D2028E5005031EE /* Data.swift in Sources */,
				1390738B1D109B3F003A3333 /* RATreeNodeItem+Private.m in Sources */,
				139073881D109B3F003A3333 /* RATreeNodeCollectionController.m in Sources */,
				139073861D109B3F003A3333 /* RATableView.m in Sources */,
				139073451D10926A003A3333 /* NeonAlignable.swift in Sources */,
				135D60651D174CC300029090 /* SutraTableViewCell.swift in Sources */,
				139073901D109B3F003A3333 /* RATreeView+TableViewDelegate.m in Sources */,
				139073441D10926A003A3333 /* Neon.swift in Sources */,
				1390738F1D109B3F003A3333 /* RATreeView+TableViewDataSource.m in Sources */,
				139073871D109B3F003A3333 /* RATreeNode.m in Sources */,
				139073461D10926A003A3333 /* NeonAnchorable.swift in Sources */,
				1344EA5D1D21CAA5001E215B /* String+Common.swift in Sources */,
				1390738D1D109B3F003A3333 /* RATreeView+Private.m in Sources */,
				135D60631D173B1B00029090 /* Book.swift in Sources */,
				1390730D1D109193003A3333 /* AppDelegate.swift in Sources */,
				130E8CA41D1B360B00D0855A /* SutraIndexViewController.swift in Sources */,
				13E2230B1D5150C5000F763F /* Macros.swift in Sources */,
				139073851D109B3F003A3333 /* RABatchChanges.m in Sources */,
				133192E01D14901300F4984F /* HidingViewController.swift in Sources */,
				4A6C89181EC24BC700C0F43A /* SVWebViewControllerActivityChrome.m in Sources */,
			);
			runOnlyForDeploymentPostprocessing = 0;
		};
		1390731B1D109194003A3333 /* Sources */ = {
			isa = PBXSourcesBuildPhase;
			buildActionMask = 2147483647;
			files = (
				139073241D109194003A3333 /* lengyanTests.swift in Sources */,
			);
			runOnlyForDeploymentPostprocessing = 0;
		};
		139073261D109194003A3333 /* Sources */ = {
			isa = PBXSourcesBuildPhase;
			buildActionMask = 2147483647;
			files = (
				1390732F1D109194003A3333 /* lengyanUITests.swift in Sources */,
			);
			runOnlyForDeploymentPostprocessing = 0;
		};
/* End PBXSourcesBuildPhase section */

/* Begin PBXTargetDependency section */
		139073211D109194003A3333 /* PBXTargetDependency */ = {
			isa = PBXTargetDependency;
			target = 139073081D109193003A3333 /* lengyan */;
			targetProxy = 139073201D109194003A3333 /* PBXContainerItemProxy */;
		};
		1390732C1D109194003A3333 /* PBXTargetDependency */ = {
			isa = PBXTargetDependency;
			target = 139073081D109193003A3333 /* lengyan */;
			targetProxy = 1390732B1D109194003A3333 /* PBXContainerItemProxy */;
		};
/* End PBXTargetDependency section */

/* Begin PBXVariantGroup section */
		132014771F12B9850081FDDB /* Localizable.strings */ = {
			isa = PBXVariantGroup;
			children = (
				132014761F12B9850081FDDB /* zh-Hant */,
				132014781F12B9870081FDDB /* zh-Hans */,
				13DF26861F1BC410007DEF71 /* Base */,
			);
			name = Localizable.strings;
			sourceTree = "<group>";
		};
		139073121D109193003A3333 /* Main.storyboard */ = {
			isa = PBXVariantGroup;
			children = (
				139073131D109193003A3333 /* Base */,
				1321D0681EEF141B005DC278 /* zh-Hans */,
				1321D0691EEF142A005DC278 /* zh-Hant */,
			);
			name = Main.storyboard;
			sourceTree = "<group>";
		};
		139073171D109194003A3333 /* LaunchScreen.storyboard */ = {
			isa = PBXVariantGroup;
			children = (
				139073181D109194003A3333 /* Base */,
			);
			name = LaunchScreen.storyboard;
			sourceTree = "<group>";
		};
/* End PBXVariantGroup section */

/* Begin XCBuildConfiguration section */
		139073311D109194003A3333 /* Debug */ = {
			isa = XCBuildConfiguration;
			buildSettings = {
				ALWAYS_SEARCH_USER_PATHS = NO;
				CLANG_ANALYZER_LOCALIZABILITY_NONLOCALIZED = YES;
				CLANG_ANALYZER_NONNULL = YES;
				CLANG_CXX_LANGUAGE_STANDARD = "gnu++0x";
				CLANG_CXX_LIBRARY = "libc++";
				CLANG_ENABLE_MODULES = YES;
				CLANG_ENABLE_OBJC_ARC = YES;
				CLANG_WARN_BLOCK_CAPTURE_AUTORELEASING = YES;
				CLANG_WARN_BOOL_CONVERSION = YES;
				CLANG_WARN_COMMA = YES;
				CLANG_WARN_CONSTANT_CONVERSION = YES;
				CLANG_WARN_DIRECT_OBJC_ISA_USAGE = YES_ERROR;
				CLANG_WARN_EMPTY_BODY = YES;
				CLANG_WARN_ENUM_CONVERSION = YES;
				CLANG_WARN_INFINITE_RECURSION = YES;
				CLANG_WARN_INT_CONVERSION = YES;
				CLANG_WARN_NON_LITERAL_NULL_CONVERSION = YES;
				CLANG_WARN_OBJC_LITERAL_CONVERSION = YES;
				CLANG_WARN_OBJC_ROOT_CLASS = YES_ERROR;
				CLANG_WARN_RANGE_LOOP_ANALYSIS = YES;
				CLANG_WARN_STRICT_PROTOTYPES = YES;
				CLANG_WARN_SUSPICIOUS_MOVE = YES;
				CLANG_WARN_UNREACHABLE_CODE = YES;
				CLANG_WARN__DUPLICATE_METHOD_MATCH = YES;
				CODE_SIGN_IDENTITY = "iPhone Developer";
				"CODE_SIGN_IDENTITY[sdk=iphoneos*]" = "iPhone Developer";
				COPY_PHASE_STRIP = NO;
				DEBUG_INFORMATION_FORMAT = dwarf;
				ENABLE_STRICT_OBJC_MSGSEND = YES;
				ENABLE_TESTABILITY = YES;
				GCC_C_LANGUAGE_STANDARD = gnu99;
				GCC_DYNAMIC_NO_PIC = NO;
				GCC_NO_COMMON_BLOCKS = YES;
				GCC_OPTIMIZATION_LEVEL = 0;
				GCC_PREPROCESSOR_DEFINITIONS = (
					"DEBUG=1",
					"$(inherited)",
				);
				GCC_WARN_64_TO_32_BIT_CONVERSION = YES;
				GCC_WARN_ABOUT_RETURN_TYPE = YES_ERROR;
				GCC_WARN_UNDECLARED_SELECTOR = YES;
				GCC_WARN_UNINITIALIZED_AUTOS = YES_AGGRESSIVE;
				GCC_WARN_UNUSED_FUNCTION = YES;
				GCC_WARN_UNUSED_VARIABLE = YES;
				IPHONEOS_DEPLOYMENT_TARGET = 9.0;
				MTL_ENABLE_DEBUG_INFO = YES;
				ONLY_ACTIVE_ARCH = YES;
				PROVISIONING_PROFILE = "a997049f-513c-43e9-ab9e-932c0ee144b2";
				SDKROOT = iphoneos;
				SWIFT_OPTIMIZATION_LEVEL = "-Onone";
				TARGETED_DEVICE_FAMILY = "1,2";
			};
			name = Debug;
		};
		139073321D109194003A3333 /* Release */ = {
			isa = XCBuildConfiguration;
			buildSettings = {
				ALWAYS_SEARCH_USER_PATHS = NO;
				CLANG_ANALYZER_LOCALIZABILITY_NONLOCALIZED = YES;
				CLANG_ANALYZER_NONNULL = YES;
				CLANG_CXX_LANGUAGE_STANDARD = "gnu++0x";
				CLANG_CXX_LIBRARY = "libc++";
				CLANG_ENABLE_MODULES = YES;
				CLANG_ENABLE_OBJC_ARC = YES;
				CLANG_WARN_BLOCK_CAPTURE_AUTORELEASING = YES;
				CLANG_WARN_BOOL_CONVERSION = YES;
				CLANG_WARN_COMMA = YES;
				CLANG_WARN_CONSTANT_CONVERSION = YES;
				CLANG_WARN_DIRECT_OBJC_ISA_USAGE = YES_ERROR;
				CLANG_WARN_EMPTY_BODY = YES;
				CLANG_WARN_ENUM_CONVERSION = YES;
				CLANG_WARN_INFINITE_RECURSION = YES;
				CLANG_WARN_INT_CONVERSION = YES;
				CLANG_WARN_NON_LITERAL_NULL_CONVERSION = YES;
				CLANG_WARN_OBJC_LITERAL_CONVERSION = YES;
				CLANG_WARN_OBJC_ROOT_CLASS = YES_ERROR;
				CLANG_WARN_RANGE_LOOP_ANALYSIS = YES;
				CLANG_WARN_STRICT_PROTOTYPES = YES;
				CLANG_WARN_SUSPICIOUS_MOVE = YES;
				CLANG_WARN_UNREACHABLE_CODE = YES;
				CLANG_WARN__DUPLICATE_METHOD_MATCH = YES;
				"CODE_SIGN_IDENTITY[sdk=iphoneos*]" = "iPhone Developer";
				COPY_PHASE_STRIP = NO;
				DEBUG_INFORMATION_FORMAT = "dwarf-with-dsym";
				ENABLE_NS_ASSERTIONS = NO;
				ENABLE_STRICT_OBJC_MSGSEND = YES;
				GCC_C_LANGUAGE_STANDARD = gnu99;
				GCC_NO_COMMON_BLOCKS = YES;
				GCC_WARN_64_TO_32_BIT_CONVERSION = YES;
				GCC_WARN_ABOUT_RETURN_TYPE = YES_ERROR;
				GCC_WARN_UNDECLARED_SELECTOR = YES;
				GCC_WARN_UNINITIALIZED_AUTOS = YES_AGGRESSIVE;
				GCC_WARN_UNUSED_FUNCTION = YES;
				GCC_WARN_UNUSED_VARIABLE = YES;
				IPHONEOS_DEPLOYMENT_TARGET = 9.0;
				MTL_ENABLE_DEBUG_INFO = NO;
				SDKROOT = iphoneos;
				SWIFT_OPTIMIZATION_LEVEL = "-Owholemodule";
				TARGETED_DEVICE_FAMILY = "1,2";
				VALIDATE_PRODUCT = YES;
			};
			name = Release;
		};
		139073341D109194003A3333 /* Debug */ = {
			isa = XCBuildConfiguration;
			buildSettings = {
				ASSETCATALOG_COMPILER_APPICON_NAME = AppIcon;
				CLANG_ENABLE_MODULES = YES;
				CODE_SIGN_IDENTITY = "iPhone Developer";
				"CODE_SIGN_IDENTITY[sdk=iphoneos*]" = "iPhone Developer";
				DEVELOPMENT_TEAM = A37UYHPM4V;
				INFOPLIST_FILE = lengyan/Info.plist;
				IPHONEOS_DEPLOYMENT_TARGET = 9.0;
				LD_RUNPATH_SEARCH_PATHS = "$(inherited) @executable_path/Frameworks";
				ON_DEMAND_RESOURCES_INITIAL_INSTALL_TAGS = "楞嚴經\\ 卷一";
				PRODUCT_BUNDLE_IDENTIFIER = org.fuxuan.lengyan;
				PRODUCT_NAME = "$(TARGET_NAME)";
				PROVISIONING_PROFILE = "";
				PROVISIONING_PROFILE_SPECIFIER = "";
				SWIFT_OBJC_BRIDGING_HEADER = "lengyan/lengyan-Bridging-Header.h";
				SWIFT_OPTIMIZATION_LEVEL = "-Onone";
				SWIFT_VERSION = 3.0;
			};
			name = Debug;
		};
		139073351D109194003A3333 /* Release */ = {
			isa = XCBuildConfiguration;
			buildSettings = {
				ASSETCATALOG_COMPILER_APPICON_NAME = AppIcon;
				CLANG_ENABLE_MODULES = YES;
				CODE_SIGN_IDENTITY = "iPhone Developer";
				"CODE_SIGN_IDENTITY[sdk=iphoneos*]" = "iPhone Developer";
				DEVELOPMENT_TEAM = A37UYHPM4V;
				INFOPLIST_FILE = lengyan/Info.plist;
				IPHONEOS_DEPLOYMENT_TARGET = 9.0;
				LD_RUNPATH_SEARCH_PATHS = "$(inherited) @executable_path/Frameworks";
				ON_DEMAND_RESOURCES_INITIAL_INSTALL_TAGS = "楞嚴經\\ 卷一";
				PRODUCT_BUNDLE_IDENTIFIER = org.fuxuan.lengyan;
				PRODUCT_NAME = "$(TARGET_NAME)";
				PROVISIONING_PROFILE = "";
				SWIFT_OBJC_BRIDGING_HEADER = "lengyan/lengyan-Bridging-Header.h";
				SWIFT_VERSION = 3.0;
			};
			name = Release;
		};
		139073371D109194003A3333 /* Debug */ = {
			isa = XCBuildConfiguration;
			buildSettings = {
				BUNDLE_LOADER = "$(TEST_HOST)";
				"CODE_SIGN_IDENTITY[sdk=iphoneos*]" = "iPhone Developer";
				DEVELOPMENT_TEAM = A37UYHPM4V;
				INFOPLIST_FILE = lengyanTests/Info.plist;
				LD_RUNPATH_SEARCH_PATHS = "$(inherited) @executable_path/Frameworks @loader_path/Frameworks";
				PRODUCT_BUNDLE_IDENTIFIER = org.gongfx..lengyanTests;
				PRODUCT_NAME = "$(TARGET_NAME)";
				PROVISIONING_PROFILE_SPECIFIER = "";
				SWIFT_VERSION = 3.0;
				TEST_HOST = "$(BUILT_PRODUCTS_DIR)/lengyan.app/lengyan";
			};
			name = Debug;
		};
		139073381D109194003A3333 /* Release */ = {
			isa = XCBuildConfiguration;
			buildSettings = {
				BUNDLE_LOADER = "$(TEST_HOST)";
				"CODE_SIGN_IDENTITY[sdk=iphoneos*]" = "iPhone Developer";
				DEVELOPMENT_TEAM = A37UYHPM4V;
				INFOPLIST_FILE = lengyanTests/Info.plist;
				LD_RUNPATH_SEARCH_PATHS = "$(inherited) @executable_path/Frameworks @loader_path/Frameworks";
				PRODUCT_BUNDLE_IDENTIFIER = org.gongfx..lengyanTests;
				PRODUCT_NAME = "$(TARGET_NAME)";
				SWIFT_VERSION = 3.0;
				TEST_HOST = "$(BUILT_PRODUCTS_DIR)/lengyan.app/lengyan";
			};
			name = Release;
		};
		1390733A1D109194003A3333 /* Debug */ = {
			isa = XCBuildConfiguration;
			buildSettings = {
				"CODE_SIGN_IDENTITY[sdk=iphoneos*]" = "iPhone Developer";
				DEVELOPMENT_TEAM = A37UYHPM4V;
				INFOPLIST_FILE = lengyanUITests/Info.plist;
				LD_RUNPATH_SEARCH_PATHS = "$(inherited) @executable_path/Frameworks @loader_path/Frameworks";
				PRODUCT_BUNDLE_IDENTIFIER = org.gongfx..lengyanUITests;
				PRODUCT_NAME = "$(TARGET_NAME)";
				PROVISIONING_PROFILE = "";
				PROVISIONING_PROFILE_SPECIFIER = "";
				SWIFT_VERSION = 3.0;
				TEST_TARGET_NAME = lengyan;
			};
			name = Debug;
		};
		1390733B1D109194003A3333 /* Release */ = {
			isa = XCBuildConfiguration;
			buildSettings = {
				"CODE_SIGN_IDENTITY[sdk=iphoneos*]" = "iPhone Developer";
				DEVELOPMENT_TEAM = A37UYHPM4V;
				INFOPLIST_FILE = lengyanUITests/Info.plist;
				LD_RUNPATH_SEARCH_PATHS = "$(inherited) @executable_path/Frameworks @loader_path/Frameworks";
				PRODUCT_BUNDLE_IDENTIFIER = org.gongfx..lengyanUITests;
				PRODUCT_NAME = "$(TARGET_NAME)";
				SWIFT_VERSION = 3.0;
				TEST_TARGET_NAME = lengyan;
			};
			name = Release;
		};
/* End XCBuildConfiguration section */

/* Begin XCConfigurationList section */
		139073041D109193003A3333 /* Build configuration list for PBXProject "lengyan" */ = {
			isa = XCConfigurationList;
			buildConfigurations = (
				139073311D109194003A3333 /* Debug */,
				139073321D109194003A3333 /* Release */,
			);
			defaultConfigurationIsVisible = 0;
			defaultConfigurationName = Release;
		};
		139073331D109194003A3333 /* Build configuration list for PBXNativeTarget "lengyan" */ = {
			isa = XCConfigurationList;
			buildConfigurations = (
				139073341D109194003A3333 /* Debug */,
				139073351D109194003A3333 /* Release */,
			);
			defaultConfigurationIsVisible = 0;
			defaultConfigurationName = Release;
		};
		139073361D109194003A3333 /* Build configuration list for PBXNativeTarget "lengyanTests" */ = {
			isa = XCConfigurationList;
			buildConfigurations = (
				139073371D109194003A3333 /* Debug */,
				139073381D109194003A3333 /* Release */,
			);
			defaultConfigurationIsVisible = 0;
			defaultConfigurationName = Release;
		};
		139073391D109194003A3333 /* Build configuration list for PBXNativeTarget "lengyanUITests" */ = {
			isa = XCConfigurationList;
			buildConfigurations = (
				1390733A1D109194003A3333 /* Debug */,
				1390733B1D109194003A3333 /* Release */,
			);
			defaultConfigurationIsVisible = 0;
			defaultConfigurationName = Release;
		};
/* End XCConfigurationList section */
	};
	rootObject = 139073011D109193003A3333 /* Project object */;
}
